Microsoft Visual Studio Solution File, Format Version 12.00
# Visual Studio Version 17
VisualStudioVersion = 17.10.35122.118
MinimumVisualStudioVersion = 10.0.40219.1
Project("{2150E333-8FDC-42A3-9474-1A3956D46DE8}") = ".paket", ".paket", "{63297B98-5CED-492C-A5B7-A5B4F73CF142}"
	ProjectSection(SolutionItems) = preProject
		paket.dependencies = paket.dependencies
		paket.lock = paket.lock
	EndProjectSection
EndProject
Project("{2150E333-8FDC-42A3-9474-1A3956D46DE8}") = "project", "project", "{BF60BC93-E09B-4E5F-9D85-95A519479D54}"
	ProjectSection(SolutionItems) = preProject
		build.cmd = build.cmd
		build.fsx = build.fsx
		README.md = README.md
		RELEASE_NOTES.md = RELEASE_NOTES.md
	EndProjectSection
EndProject
Project("{2150E333-8FDC-42A3-9474-1A3956D46DE8}") = "tests", "tests", "{ED8079DD-2B06-4030-9F0F-DC548F98E1C4}"
EndProject
Project("{2150E333-8FDC-42A3-9474-1A3956D46DE8}") = "MetadataGen", "MetadataGen", "{E75407BE-AEA4-480C-8307-1C41851DB58B}"
EndProject
Project("{D954291E-2A0B-460D-934E-DC6B0785DB48}") = "MetadataSkeleton", "src\MetadataSkeleton\MetadataSkeleton.shproj", "{FDDB9BF5-4D33-495D-91A4-DFE919CF96CE}"
EndProject
Project("{9A19103F-16F7-4668-BE54-9A1E7A4F7556}") = "MetadataGenerator365", "src\MetadataGen\MetadataGenerator365\MetadataGenerator365.csproj", "{798DDA68-50B2-4596-800C-6BE2BFC2A6CC}"
EndProject
Project("{9A19103F-16F7-4668-BE54-9A1E7A4F7556}") = "TestPluginAssembly365", "tests\TestPluginAssembly365\TestPluginAssembly365.csproj", "{5AA8D4E7-03AF-476B-B61F-5F9A6C5DADEA}"
EndProject
Project("{9A19103F-16F7-4668-BE54-9A1E7A4F7556}") = "XrmMockup365Test", "tests\XrmMockup365Test\XrmMockup365Test.csproj", "{54E48688-CE01-4310-90D9-0902E0A51814}"
EndProject
Project("{9A19103F-16F7-4668-BE54-9A1E7A4F7556}") = "XrmMockup365", "src\XrmMockup365\XrmMockup365.csproj", "{8D6B46F6-D7BD-480D-9D63-3B00285079DD}"
EndProject
Project("{2150E333-8FDC-42A3-9474-1A3956D46DE8}") = "files", "files", "{149E3AC2-DE25-4F25-98CA-04B2B397911E}"
	ProjectSection(SolutionItems) = preProject
		files\TypeDeclarations.cs = files\TypeDeclarations.cs
	EndProjectSection
EndProject
Project("{FAE04EC0-301F-11D3-BF4B-00C04F79EFBC}") = "Tools", "Tools\Tools.csproj", "{D375A019-3229-4D24-955B-06248D1D12F5}"
EndProject
Project("{2150E333-8FDC-42A3-9474-1A3956D46DE8}") = "Solution Items", "Solution Items", "{3A832071-17C0-4F94-8592-4060E11AB731}"
	ProjectSection(SolutionItems) = preProject
		.gitignore = .gitignore
	EndProjectSection
EndProject
Global
	GlobalSection(SolutionConfigurationPlatforms) = preSolution
		Debug|Any CPU = Debug|Any CPU
		Release|Any CPU = Release|Any CPU
	EndGlobalSection
	GlobalSection(ProjectConfigurationPlatforms) = postSolution
		{798DDA68-50B2-4596-800C-6BE2BFC2A6CC}.Debug|Any CPU.ActiveCfg = Debug|Any CPU
		{798DDA68-50B2-4596-800C-6BE2BFC2A6CC}.Debug|Any CPU.Build.0 = Debug|Any CPU
		{798DDA68-50B2-4596-800C-6BE2BFC2A6CC}.Release|Any CPU.ActiveCfg = Release|Any CPU
		{798DDA68-50B2-4596-800C-6BE2BFC2A6CC}.Release|Any CPU.Build.0 = Release|Any CPU
		{5AA8D4E7-03AF-476B-B61F-5F9A6C5DADEA}.Debug|Any CPU.ActiveCfg = Debug|Any CPU
		{5AA8D4E7-03AF-476B-B61F-5F9A6C5DADEA}.Debug|Any CPU.Build.0 = Debug|Any CPU
		{5AA8D4E7-03AF-476B-B61F-5F9A6C5DADEA}.Release|Any CPU.ActiveCfg = Release|Any CPU
		{5AA8D4E7-03AF-476B-B61F-5F9A6C5DADEA}.Release|Any CPU.Build.0 = Release|Any CPU
		{54E48688-CE01-4310-90D9-0902E0A51814}.Debug|Any CPU.ActiveCfg = Debug|Any CPU
		{54E48688-CE01-4310-90D9-0902E0A51814}.Debug|Any CPU.Build.0 = Debug|Any CPU
		{54E48688-CE01-4310-90D9-0902E0A51814}.Release|Any CPU.ActiveCfg = Release|Any CPU
		{54E48688-CE01-4310-90D9-0902E0A51814}.Release|Any CPU.Build.0 = Release|Any CPU
		{8D6B46F6-D7BD-480D-9D63-3B00285079DD}.Debug|Any CPU.ActiveCfg = Debug|Any CPU
		{8D6B46F6-D7BD-480D-9D63-3B00285079DD}.Debug|Any CPU.Build.0 = Debug|Any CPU
		{8D6B46F6-D7BD-480D-9D63-3B00285079DD}.Release|Any CPU.ActiveCfg = Release|Any CPU
		{8D6B46F6-D7BD-480D-9D63-3B00285079DD}.Release|Any CPU.Build.0 = Release|Any CPU
		{D375A019-3229-4D24-955B-06248D1D12F5}.Debug|Any CPU.ActiveCfg = Debug|Any CPU
		{D375A019-3229-4D24-955B-06248D1D12F5}.Debug|Any CPU.Build.0 = Debug|Any CPU
		{D375A019-3229-4D24-955B-06248D1D12F5}.Release|Any CPU.ActiveCfg = Release|Any CPU
		{D375A019-3229-4D24-955B-06248D1D12F5}.Release|Any CPU.Build.0 = Release|Any CPU
	EndGlobalSection
	GlobalSection(SolutionProperties) = preSolution
		HideSolutionNode = FALSE
	EndGlobalSection
	GlobalSection(NestedProjects) = preSolution
		{798DDA68-50B2-4596-800C-6BE2BFC2A6CC} = {E75407BE-AEA4-480C-8307-1C41851DB58B}
		{5AA8D4E7-03AF-476B-B61F-5F9A6C5DADEA} = {ED8079DD-2B06-4030-9F0F-DC548F98E1C4}
		{54E48688-CE01-4310-90D9-0902E0A51814} = {ED8079DD-2B06-4030-9F0F-DC548F98E1C4}
	EndGlobalSection
	GlobalSection(ExtensibilityGlobals) = postSolution
		SolutionGuid = {7565DA42-40CA-442E-B85C-DB64B497DFAB}
	EndGlobalSection
	GlobalSection(SharedMSBuildProjectFiles) = preSolution
		tests\SharedTests\SharedTests.projitems*{54e48688-ce01-4310-90d9-0902e0a51814}*SharedItemsImports = 5
		tests\SharedPluginsAndCodeactivites\SharedPluginsAndCodeactivites.projitems*{5aa8d4e7-03af-476b-b61f-5f9a6c5dadea}*SharedItemsImports = 5
		src\MetadataSkeleton\MetadataSkeleton.projitems*{798dda68-50b2-4596-800c-6be2bfc2a6cc}*SharedItemsImports = 5
		src\MetadataSkeleton\MetadataSkeleton.projitems*{8d6b46f6-d7bd-480d-9d63-3b00285079dd}*SharedItemsImports = 5
		src\MetadataSkeleton\MetadataSkeleton.projitems*{fddb9bf5-4d33-495d-91a4-dfe919cf96ce}*SharedItemsImports = 13
	EndGlobalSection
EndGlobal
