Microsoft Visual Studio Solution File, Format Version 12.00
# Visual Studio Version 16
VisualStudioVersion = 16.0.30503.244
MinimumVisualStudioVersion = 10.0.40219.1
Project("{2150E333-8FDC-42A3-9474-1A3956D46DE8}") = ".paket", ".paket", "{63297B98-5CED-492C-A5B7-A5B4F73CF142}"
	ProjectSection(SolutionItems) = preProject
		paket.dependencies = paket.dependencies
		paket.lock = paket.lock
	EndProjectSection
EndProject
Project("{2150E333-8FDC-42A3-9474-1A3956D46DE8}") = "project", "project", "{BF60BC93-E09B-4E5F-9D85-95A519479D54}"
	ProjectSection(SolutionItems) = preProject
		build.cmd = build.cmd
		build.fsx = build.fsx
		README.md = README.md
		RELEASE_NOTES.md = RELEASE_NOTES.md
	EndProjectSection
EndProject
Project("{2150E333-8FDC-42A3-9474-1A3956D46DE8}") = "tests", "tests", "{ED8079DD-2B06-4030-9F0F-DC548F98E1C4}"
EndProject
Project("{9A19103F-16F7-4668-BE54-9A1E7A4F7556}") = "XrmMockup11Test", "tests\XrmMockup11Test\XrmMockup11Test.csproj", "{A7594771-2B0A-43ED-9335-343598ED1C7D}"
EndProject
Project("{9A19103F-16F7-4668-BE54-9A1E7A4F7556}") = "TestPluginAssembly11", "tests\TestPluginAssembly11\TestPluginAssembly11.csproj", "{40554299-9809-470A-A04A-7829D6F4DB70}"
EndProject
Project("{9A19103F-16F7-4668-BE54-9A1E7A4F7556}") = "XrmMockup2016", "src\XrmMockup2016\XrmMockup2016.csproj", "{72BA2B8E-B4CF-4F72-A77A-DF3EB9EA5418}"
EndProject
Project("{9A19103F-16F7-4668-BE54-9A1E7A4F7556}") = "XrmMockup16Test", "tests\XrmMockup16Test\XrmMockup16Test.csproj", "{A2545FA6-B0A8-4EC6-A5C5-765DE8DAE976}"
EndProject
Project("{9A19103F-16F7-4668-BE54-9A1E7A4F7556}") = "XrmMockup2011", "src\XrmMockup2011\XrmMockup2011.csproj", "{840E0606-07FE-4D79-8D23-A5F6FB7BCA0E}"
EndProject
Project("{9A19103F-16F7-4668-BE54-9A1E7A4F7556}") = "XrmMockup2013", "src\XrmMockup2013\XrmMockup2013.csproj", "{1EB6478C-67F4-475D-8650-AA10C933419C}"
EndProject
Project("{9A19103F-16F7-4668-BE54-9A1E7A4F7556}") = "XrmMockup2015", "src\XrmMockup2015\XrmMockup2015.csproj", "{65E375A9-FBC7-4264-A3FD-059F4770942E}"
EndProject
Project("{9A19103F-16F7-4668-BE54-9A1E7A4F7556}") = "XrmMockup13Test", "tests\XrmMockup13Test\XrmMockup13Test.csproj", "{A0C49D15-D911-42AB-B6D3-116EF7F452DE}"
EndProject
Project("{9A19103F-16F7-4668-BE54-9A1E7A4F7556}") = "XrmMockup15Test", "tests\XrmMockup15Test\XrmMockup15Test.csproj", "{BF19D931-3322-40AC-8E90-98417B1CE132}"
EndProject
Project("{9A19103F-16F7-4668-BE54-9A1E7A4F7556}") = "TestPluginAssembly16", "tests\TestPluginAssembly16\TestPluginAssembly16.csproj", "{3A74D109-C538-4DF5-B277-CC39FFACE93F}"
EndProject
Project("{2150E333-8FDC-42A3-9474-1A3956D46DE8}") = "MetadataGen", "MetadataGen", "{E75407BE-AEA4-480C-8307-1C41851DB58B}"
EndProject
Project("{2150E333-8FDC-42A3-9474-1A3956D46DE8}") = "versions", "versions", "{DBD51D6F-392E-497E-B4F7-73D6CE6CBC34}"
EndProject
Project("{D954291E-2A0B-460D-934E-DC6B0785DB48}") = "XrmMockupShared", "src\XrmMockupShared\XrmMockupShared.shproj", "{D4F99F23-A452-4F6F-ABF4-54FC5C792D5A}"
EndProject
Project("{D954291E-2A0B-460D-934E-DC6B0785DB48}") = "XrmMockupWorkflow", "src\XrmMockupWorkflow\XrmMockupWorkflow.shproj", "{60CDD422-5F52-4D1F-B61C-B2BCEF09302B}"
EndProject
Project("{D954291E-2A0B-460D-934E-DC6B0785DB48}") = "SharedTests", "tests\SharedTests\SharedTests.shproj", "{0D9BFA02-4E2D-4229-9256-7D4BF438B917}"
EndProject
Project("{D954291E-2A0B-460D-934E-DC6B0785DB48}") = "SharedPluginsAndCodeactivites", "tests\SharedPluginsAndCodeactivites\SharedPluginsAndCodeactivites.shproj", "{90C1C72B-C544-485A-B718-ACFAEE516106}"
EndProject
Project("{D954291E-2A0B-460D-934E-DC6B0785DB48}") = "MetadataShared", "src\MetadataShared\MetadataShared.shproj", "{3C2BBE8A-2ACE-44CA-9994-49C768B2CA1D}"
EndProject
Project("{9A19103F-16F7-4668-BE54-9A1E7A4F7556}") = "TestPluginAssembly13", "tests\TestPluginAssembly13\TestPluginAssembly13.csproj", "{8EA1358F-B522-4D84-996B-23663682FE3E}"
EndProject
Project("{9A19103F-16F7-4668-BE54-9A1E7A4F7556}") = "TestPluginAssembly15", "tests\TestPluginAssembly15\TestPluginAssembly15.csproj", "{130FE820-97D0-4369-837C-7AAF6EF58DCE}"
EndProject
Project("{D954291E-2A0B-460D-934E-DC6B0785DB48}") = "MetadataSkeleton", "src\MetadataSkeleton\MetadataSkeleton.shproj", "{FDDB9BF5-4D33-495D-91A4-DFE919CF96CE}"
EndProject
Project("{9A19103F-16F7-4668-BE54-9A1E7A4F7556}") = "MetadataGenerator11", "src\MetadataGen\MetadataGenerator11\MetadataGenerator11.csproj", "{731874AF-5BEC-49E4-940A-9A1EF4E21EF1}"
EndProject
Project("{9A19103F-16F7-4668-BE54-9A1E7A4F7556}") = "MetadataGenerator13", "src\MetadataGen\MetadataGenerator13\MetadataGenerator13.csproj", "{F57425C1-13CB-483B-BDDE-605D9A712F4A}"
EndProject
Project("{9A19103F-16F7-4668-BE54-9A1E7A4F7556}") = "MetadataGenerator15", "src\MetadataGen\MetadataGenerator15\MetadataGenerator15.csproj", "{02A76886-689C-4F6D-BEF2-08DCBC040249}"
EndProject
Project("{9A19103F-16F7-4668-BE54-9A1E7A4F7556}") = "MetadataGenerator16", "src\MetadataGen\MetadataGenerator16\MetadataGenerator16.csproj", "{BF6FFAAE-1908-4D6C-A3DD-863B8F36272C}"
EndProject
Project("{9A19103F-16F7-4668-BE54-9A1E7A4F7556}") = "MetadataGenerator365", "src\MetadataGen\MetadataGenerator365\MetadataGenerator365.csproj", "{798DDA68-50B2-4596-800C-6BE2BFC2A6CC}"
EndProject
Project("{9A19103F-16F7-4668-BE54-9A1E7A4F7556}") = "TestPluginAssembly365", "tests\TestPluginAssembly365\TestPluginAssembly365.csproj", "{5AA8D4E7-03AF-476B-B61F-5F9A6C5DADEA}"
EndProject
Project("{9A19103F-16F7-4668-BE54-9A1E7A4F7556}") = "XrmMockup365Test", "tests\XrmMockup365Test\XrmMockup365Test.csproj", "{54E48688-CE01-4310-90D9-0902E0A51814}"
EndProject
Project("{9A19103F-16F7-4668-BE54-9A1E7A4F7556}") = "XrmMockup365", "src\XrmMockup365\XrmMockup365.csproj", "{8D6B46F6-D7BD-480D-9D63-3B00285079DD}"
EndProject
Project("{2150E333-8FDC-42A3-9474-1A3956D46DE8}") = "files", "files", "{149E3AC2-DE25-4F25-98CA-04B2B397911E}"
	ProjectSection(SolutionItems) = preProject
		files\TypeDeclarations.cs = files\TypeDeclarations.cs
	EndProjectSection
EndProject
Project("{FAE04EC0-301F-11D3-BF4B-00C04F79EFBC}") = "Tools", "Tools\Tools.csproj", "{D375A019-3229-4D24-955B-06248D1D12F5}"
EndProject
Project("{2150E333-8FDC-42A3-9474-1A3956D46DE8}") = "Solution Items", "Solution Items", "{3A832071-17C0-4F94-8592-4060E11AB731}"
	ProjectSection(SolutionItems) = preProject
		.gitignore = .gitignore
	EndProjectSection
EndProject
Project("{FAE04EC0-301F-11D3-BF4B-00C04F79EFBC}") = "IXrmMockupExtension", "src\IXrmMockupExtension\IXrmMockupExtension\IXrmMockupExtension.csproj", "{30B8FFB9-145C-4805-AC35-3AAD71ACE9A7}"
EndProject
Global
	GlobalSection(SharedMSBuildProjectFiles) = preSolution
		src\MetadataShared\MetadataShared.projitems*{02a76886-689c-4f6d-bef2-08dcbc040249}*SharedItemsImports = 5
		src\MetadataSkeleton\MetadataSkeleton.projitems*{02a76886-689c-4f6d-bef2-08dcbc040249}*SharedItemsImports = 5
		tests\SharedTests\SharedTests.projitems*{0d9bfa02-4e2d-4229-9256-7d4bf438b917}*SharedItemsImports = 13
		tests\SharedPluginsAndCodeactivites\SharedPluginsAndCodeactivites.projitems*{130fe820-97d0-4369-837c-7aaf6ef58dce}*SharedItemsImports = 5
		src\MetadataSkeleton\MetadataSkeleton.projitems*{1eb6478c-67f4-475d-8650-aa10c933419c}*SharedItemsImports = 5
		src\XrmMockupShared\XrmMockupShared.projitems*{1eb6478c-67f4-475d-8650-aa10c933419c}*SharedItemsImports = 5
		src\XrmMockupWorkflow\XrmMockupWorkflow.projitems*{1eb6478c-67f4-475d-8650-aa10c933419c}*SharedItemsImports = 5
		tests\SharedPluginsAndCodeactivites\SharedPluginsAndCodeactivites.projitems*{3a74d109-c538-4df5-b277-cc39fface93f}*SharedItemsImports = 5
		src\MetadataShared\MetadataShared.projitems*{3c2bbe8a-2ace-44ca-9994-49c768b2ca1d}*SharedItemsImports = 13
		tests\SharedPluginsAndCodeactivites\SharedPluginsAndCodeactivites.projitems*{40554299-9809-470a-a04a-7829d6f4db70}*SharedItemsImports = 5
		tests\SharedTests\SharedTests.projitems*{54e48688-ce01-4310-90d9-0902e0a51814}*SharedItemsImports = 5
		tests\SharedPluginsAndCodeactivites\SharedPluginsAndCodeactivites.projitems*{5aa8d4e7-03af-476b-b61f-5f9a6c5dadea}*SharedItemsImports = 5
		src\XrmMockupWorkflow\XrmMockupWorkflow.projitems*{60cdd422-5f52-4d1f-b61c-b2bcef09302b}*SharedItemsImports = 13
		src\MetadataSkeleton\MetadataSkeleton.projitems*{65e375a9-fbc7-4264-a3fd-059f4770942e}*SharedItemsImports = 5
		src\XrmMockupShared\XrmMockupShared.projitems*{65e375a9-fbc7-4264-a3fd-059f4770942e}*SharedItemsImports = 5
		src\XrmMockupWorkflow\XrmMockupWorkflow.projitems*{65e375a9-fbc7-4264-a3fd-059f4770942e}*SharedItemsImports = 5
		src\MetadataSkeleton\MetadataSkeleton.projitems*{72ba2b8e-b4cf-4f72-a77a-df3eb9ea5418}*SharedItemsImports = 5
		src\XrmMockupShared\XrmMockupShared.projitems*{72ba2b8e-b4cf-4f72-a77a-df3eb9ea5418}*SharedItemsImports = 5
		src\XrmMockupWorkflow\XrmMockupWorkflow.projitems*{72ba2b8e-b4cf-4f72-a77a-df3eb9ea5418}*SharedItemsImports = 5
		src\MetadataShared\MetadataShared.projitems*{731874af-5bec-49e4-940a-9a1ef4e21ef1}*SharedItemsImports = 5
		src\MetadataSkeleton\MetadataSkeleton.projitems*{731874af-5bec-49e4-940a-9a1ef4e21ef1}*SharedItemsImports = 5
		src\MetadataShared\MetadataShared.projitems*{798dda68-50b2-4596-800c-6be2bfc2a6cc}*SharedItemsImports = 5
		src\MetadataSkeleton\MetadataSkeleton.projitems*{798dda68-50b2-4596-800c-6be2bfc2a6cc}*SharedItemsImports = 5
		src\MetadataSkeleton\MetadataSkeleton.projitems*{840e0606-07fe-4d79-8d23-a5f6fb7bca0e}*SharedItemsImports = 5
		src\XrmMockupShared\XrmMockupShared.projitems*{840e0606-07fe-4d79-8d23-a5f6fb7bca0e}*SharedItemsImports = 5
		src\XrmMockupWorkflow\XrmMockupWorkflow.projitems*{840e0606-07fe-4d79-8d23-a5f6fb7bca0e}*SharedItemsImports = 5
		src\MetadataSkeleton\MetadataSkeleton.projitems*{8d6b46f6-d7bd-480d-9d63-3b00285079dd}*SharedItemsImports = 5
		src\XrmMockupShared\XrmMockupShared.projitems*{8d6b46f6-d7bd-480d-9d63-3b00285079dd}*SharedItemsImports = 5
		src\XrmMockupWorkflow\XrmMockupWorkflow.projitems*{8d6b46f6-d7bd-480d-9d63-3b00285079dd}*SharedItemsImports = 5
		tests\SharedPluginsAndCodeactivites\SharedPluginsAndCodeactivites.projitems*{8ea1358f-b522-4d84-996b-23663682fe3e}*SharedItemsImports = 5
		tests\SharedPluginsAndCodeactivites\SharedPluginsAndCodeactivites.projitems*{90c1c72b-c544-485a-b718-acfaee516106}*SharedItemsImports = 13
		tests\SharedTests\SharedTests.projitems*{a0c49d15-d911-42ab-b6d3-116ef7f452de}*SharedItemsImports = 5
		tests\SharedTests\SharedTests.projitems*{a2545fa6-b0a8-4ec6-a5c5-765de8dae976}*SharedItemsImports = 5
		tests\SharedTests\SharedTests.projitems*{a7594771-2b0a-43ed-9335-343598ed1c7d}*SharedItemsImports = 5
		tests\SharedTests\SharedTests.projitems*{bf19d931-3322-40ac-8e90-98417b1ce132}*SharedItemsImports = 5
		src\MetadataShared\MetadataShared.projitems*{bf6ffaae-1908-4d6c-a3dd-863b8f36272c}*SharedItemsImports = 5
		src\MetadataSkeleton\MetadataSkeleton.projitems*{bf6ffaae-1908-4d6c-a3dd-863b8f36272c}*SharedItemsImports = 5
		src\XrmMockupShared\XrmMockupShared.projitems*{d4f99f23-a452-4f6f-abf4-54fc5c792d5a}*SharedItemsImports = 13
		src\MetadataShared\MetadataShared.projitems*{f57425c1-13cb-483b-bdde-605d9a712f4a}*SharedItemsImports = 5
		src\MetadataSkeleton\MetadataSkeleton.projitems*{f57425c1-13cb-483b-bdde-605d9a712f4a}*SharedItemsImports = 5
		src\MetadataSkeleton\MetadataSkeleton.projitems*{fddb9bf5-4d33-495d-91a4-dfe919cf96ce}*SharedItemsImports = 13
	EndGlobalSection
	GlobalSection(SolutionConfigurationPlatforms) = preSolution
		Debug|Any CPU = Debug|Any CPU
		Release|Any CPU = Release|Any CPU
	EndGlobalSection
	GlobalSection(ProjectConfigurationPlatforms) = postSolution
		{A7594771-2B0A-43ED-9335-343598ED1C7D}.Debug|Any CPU.ActiveCfg = Debug|Any CPU
		{A7594771-2B0A-43ED-9335-343598ED1C7D}.Debug|Any CPU.Build.0 = Debug|Any CPU
		{A7594771-2B0A-43ED-9335-343598ED1C7D}.Release|Any CPU.ActiveCfg = Release|Any CPU
		{A7594771-2B0A-43ED-9335-343598ED1C7D}.Release|Any CPU.Build.0 = Release|Any CPU
		{40554299-9809-470A-A04A-7829D6F4DB70}.Debug|Any CPU.ActiveCfg = Debug|Any CPU
		{40554299-9809-470A-A04A-7829D6F4DB70}.Debug|Any CPU.Build.0 = Debug|Any CPU
		{40554299-9809-470A-A04A-7829D6F4DB70}.Release|Any CPU.ActiveCfg = Release|Any CPU
		{40554299-9809-470A-A04A-7829D6F4DB70}.Release|Any CPU.Build.0 = Release|Any CPU
		{40554299-9809-470A-A04A-7829D6F4DB70}.Release|Any CPU.Deploy.0 = Release|Any CPU
		{72BA2B8E-B4CF-4F72-A77A-DF3EB9EA5418}.Debug|Any CPU.ActiveCfg = Debug|Any CPU
		{72BA2B8E-B4CF-4F72-A77A-DF3EB9EA5418}.Debug|Any CPU.Build.0 = Debug|Any CPU
		{72BA2B8E-B4CF-4F72-A77A-DF3EB9EA5418}.Release|Any CPU.ActiveCfg = Release|Any CPU
		{72BA2B8E-B4CF-4F72-A77A-DF3EB9EA5418}.Release|Any CPU.Build.0 = Release|Any CPU
		{A2545FA6-B0A8-4EC6-A5C5-765DE8DAE976}.Debug|Any CPU.ActiveCfg = Debug|Any CPU
		{A2545FA6-B0A8-4EC6-A5C5-765DE8DAE976}.Debug|Any CPU.Build.0 = Debug|Any CPU
		{A2545FA6-B0A8-4EC6-A5C5-765DE8DAE976}.Release|Any CPU.ActiveCfg = Release|Any CPU
		{A2545FA6-B0A8-4EC6-A5C5-765DE8DAE976}.Release|Any CPU.Build.0 = Release|Any CPU
		{840E0606-07FE-4D79-8D23-A5F6FB7BCA0E}.Debug|Any CPU.ActiveCfg = Debug|Any CPU
		{840E0606-07FE-4D79-8D23-A5F6FB7BCA0E}.Debug|Any CPU.Build.0 = Debug|Any CPU
		{840E0606-07FE-4D79-8D23-A5F6FB7BCA0E}.Release|Any CPU.ActiveCfg = Release|Any CPU
		{840E0606-07FE-4D79-8D23-A5F6FB7BCA0E}.Release|Any CPU.Build.0 = Release|Any CPU
		{1EB6478C-67F4-475D-8650-AA10C933419C}.Debug|Any CPU.ActiveCfg = Debug|Any CPU
		{1EB6478C-67F4-475D-8650-AA10C933419C}.Debug|Any CPU.Build.0 = Debug|Any CPU
		{1EB6478C-67F4-475D-8650-AA10C933419C}.Release|Any CPU.ActiveCfg = Release|Any CPU
		{1EB6478C-67F4-475D-8650-AA10C933419C}.Release|Any CPU.Build.0 = Release|Any CPU
		{65E375A9-FBC7-4264-A3FD-059F4770942E}.Debug|Any CPU.ActiveCfg = Debug|Any CPU
		{65E375A9-FBC7-4264-A3FD-059F4770942E}.Debug|Any CPU.Build.0 = Debug|Any CPU
		{65E375A9-FBC7-4264-A3FD-059F4770942E}.Release|Any CPU.ActiveCfg = Release|Any CPU
		{65E375A9-FBC7-4264-A3FD-059F4770942E}.Release|Any CPU.Build.0 = Release|Any CPU
		{A0C49D15-D911-42AB-B6D3-116EF7F452DE}.Debug|Any CPU.ActiveCfg = Debug|Any CPU
		{A0C49D15-D911-42AB-B6D3-116EF7F452DE}.Debug|Any CPU.Build.0 = Debug|Any CPU
		{A0C49D15-D911-42AB-B6D3-116EF7F452DE}.Release|Any CPU.ActiveCfg = Release|Any CPU
		{A0C49D15-D911-42AB-B6D3-116EF7F452DE}.Release|Any CPU.Build.0 = Release|Any CPU
		{BF19D931-3322-40AC-8E90-98417B1CE132}.Debug|Any CPU.ActiveCfg = Debug|Any CPU
		{BF19D931-3322-40AC-8E90-98417B1CE132}.Debug|Any CPU.Build.0 = Debug|Any CPU
		{BF19D931-3322-40AC-8E90-98417B1CE132}.Release|Any CPU.ActiveCfg = Release|Any CPU
		{BF19D931-3322-40AC-8E90-98417B1CE132}.Release|Any CPU.Build.0 = Release|Any CPU
		{3A74D109-C538-4DF5-B277-CC39FFACE93F}.Debug|Any CPU.ActiveCfg = Debug|Any CPU
		{3A74D109-C538-4DF5-B277-CC39FFACE93F}.Debug|Any CPU.Build.0 = Debug|Any CPU
		{3A74D109-C538-4DF5-B277-CC39FFACE93F}.Release|Any CPU.ActiveCfg = Release|Any CPU
		{3A74D109-C538-4DF5-B277-CC39FFACE93F}.Release|Any CPU.Build.0 = Release|Any CPU
		{8EA1358F-B522-4D84-996B-23663682FE3E}.Debug|Any CPU.ActiveCfg = Debug|Any CPU
		{8EA1358F-B522-4D84-996B-23663682FE3E}.Debug|Any CPU.Build.0 = Debug|Any CPU
		{8EA1358F-B522-4D84-996B-23663682FE3E}.Release|Any CPU.ActiveCfg = Release|Any CPU
		{8EA1358F-B522-4D84-996B-23663682FE3E}.Release|Any CPU.Build.0 = Release|Any CPU
		{130FE820-97D0-4369-837C-7AAF6EF58DCE}.Debug|Any CPU.ActiveCfg = Debug|Any CPU
		{130FE820-97D0-4369-837C-7AAF6EF58DCE}.Debug|Any CPU.Build.0 = Debug|Any CPU
		{130FE820-97D0-4369-837C-7AAF6EF58DCE}.Release|Any CPU.ActiveCfg = Release|Any CPU
		{130FE820-97D0-4369-837C-7AAF6EF58DCE}.Release|Any CPU.Build.0 = Release|Any CPU
		{731874AF-5BEC-49E4-940A-9A1EF4E21EF1}.Debug|Any CPU.ActiveCfg = Debug|Any CPU
		{731874AF-5BEC-49E4-940A-9A1EF4E21EF1}.Debug|Any CPU.Build.0 = Debug|Any CPU
		{731874AF-5BEC-49E4-940A-9A1EF4E21EF1}.Release|Any CPU.ActiveCfg = Release|Any CPU
		{731874AF-5BEC-49E4-940A-9A1EF4E21EF1}.Release|Any CPU.Build.0 = Release|Any CPU
		{F57425C1-13CB-483B-BDDE-605D9A712F4A}.Debug|Any CPU.ActiveCfg = Debug|Any CPU
		{F57425C1-13CB-483B-BDDE-605D9A712F4A}.Debug|Any CPU.Build.0 = Debug|Any CPU
		{F57425C1-13CB-483B-BDDE-605D9A712F4A}.Release|Any CPU.ActiveCfg = Release|Any CPU
		{F57425C1-13CB-483B-BDDE-605D9A712F4A}.Release|Any CPU.Build.0 = Release|Any CPU
		{02A76886-689C-4F6D-BEF2-08DCBC040249}.Debug|Any CPU.ActiveCfg = Debug|Any CPU
		{02A76886-689C-4F6D-BEF2-08DCBC040249}.Debug|Any CPU.Build.0 = Debug|Any CPU
		{02A76886-689C-4F6D-BEF2-08DCBC040249}.Release|Any CPU.ActiveCfg = Release|Any CPU
		{02A76886-689C-4F6D-BEF2-08DCBC040249}.Release|Any CPU.Build.0 = Release|Any CPU
		{BF6FFAAE-1908-4D6C-A3DD-863B8F36272C}.Debug|Any CPU.ActiveCfg = Debug|Any CPU
		{BF6FFAAE-1908-4D6C-A3DD-863B8F36272C}.Debug|Any CPU.Build.0 = Debug|Any CPU
		{BF6FFAAE-1908-4D6C-A3DD-863B8F36272C}.Release|Any CPU.ActiveCfg = Release|Any CPU
		{BF6FFAAE-1908-4D6C-A3DD-863B8F36272C}.Release|Any CPU.Build.0 = Release|Any CPU
		{798DDA68-50B2-4596-800C-6BE2BFC2A6CC}.Debug|Any CPU.ActiveCfg = Debug|Any CPU
		{798DDA68-50B2-4596-800C-6BE2BFC2A6CC}.Debug|Any CPU.Build.0 = Debug|Any CPU
		{798DDA68-50B2-4596-800C-6BE2BFC2A6CC}.Release|Any CPU.ActiveCfg = Release|Any CPU
		{798DDA68-50B2-4596-800C-6BE2BFC2A6CC}.Release|Any CPU.Build.0 = Release|Any CPU
		{5AA8D4E7-03AF-476B-B61F-5F9A6C5DADEA}.Debug|Any CPU.ActiveCfg = Debug|Any CPU
		{5AA8D4E7-03AF-476B-B61F-5F9A6C5DADEA}.Debug|Any CPU.Build.0 = Debug|Any CPU
		{5AA8D4E7-03AF-476B-B61F-5F9A6C5DADEA}.Release|Any CPU.ActiveCfg = Release|Any CPU
		{5AA8D4E7-03AF-476B-B61F-5F9A6C5DADEA}.Release|Any CPU.Build.0 = Release|Any CPU
		{54E48688-CE01-4310-90D9-0902E0A51814}.Debug|Any CPU.ActiveCfg = Debug|Any CPU
		{54E48688-CE01-4310-90D9-0902E0A51814}.Debug|Any CPU.Build.0 = Debug|Any CPU
		{54E48688-CE01-4310-90D9-0902E0A51814}.Release|Any CPU.ActiveCfg = Release|Any CPU
		{54E48688-CE01-4310-90D9-0902E0A51814}.Release|Any CPU.Build.0 = Release|Any CPU
		{8D6B46F6-D7BD-480D-9D63-3B00285079DD}.Debug|Any CPU.ActiveCfg = Debug|Any CPU
		{8D6B46F6-D7BD-480D-9D63-3B00285079DD}.Debug|Any CPU.Build.0 = Debug|Any CPU
		{8D6B46F6-D7BD-480D-9D63-3B00285079DD}.Release|Any CPU.ActiveCfg = Release|Any CPU
		{8D6B46F6-D7BD-480D-9D63-3B00285079DD}.Release|Any CPU.Build.0 = Release|Any CPU
		{D375A019-3229-4D24-955B-06248D1D12F5}.Debug|Any CPU.ActiveCfg = Debug|Any CPU
		{D375A019-3229-4D24-955B-06248D1D12F5}.Debug|Any CPU.Build.0 = Debug|Any CPU
		{D375A019-3229-4D24-955B-06248D1D12F5}.Release|Any CPU.ActiveCfg = Release|Any CPU
		{D375A019-3229-4D24-955B-06248D1D12F5}.Release|Any CPU.Build.0 = Release|Any CPU
		{30B8FFB9-145C-4805-AC35-3AAD71ACE9A7}.Debug|Any CPU.ActiveCfg = Debug|Any CPU
		{30B8FFB9-145C-4805-AC35-3AAD71ACE9A7}.Debug|Any CPU.Build.0 = Debug|Any CPU
		{30B8FFB9-145C-4805-AC35-3AAD71ACE9A7}.Release|Any CPU.ActiveCfg = Release|Any CPU
		{30B8FFB9-145C-4805-AC35-3AAD71ACE9A7}.Release|Any CPU.Build.0 = Release|Any CPU
	EndGlobalSection
	GlobalSection(SolutionProperties) = preSolution
		HideSolutionNode = FALSE
	EndGlobalSection
	GlobalSection(NestedProjects) = preSolution
		{A7594771-2B0A-43ED-9335-343598ED1C7D} = {ED8079DD-2B06-4030-9F0F-DC548F98E1C4}
		{40554299-9809-470A-A04A-7829D6F4DB70} = {ED8079DD-2B06-4030-9F0F-DC548F98E1C4}
		{72BA2B8E-B4CF-4F72-A77A-DF3EB9EA5418} = {DBD51D6F-392E-497E-B4F7-73D6CE6CBC34}
		{A2545FA6-B0A8-4EC6-A5C5-765DE8DAE976} = {ED8079DD-2B06-4030-9F0F-DC548F98E1C4}
		{840E0606-07FE-4D79-8D23-A5F6FB7BCA0E} = {DBD51D6F-392E-497E-B4F7-73D6CE6CBC34}
		{1EB6478C-67F4-475D-8650-AA10C933419C} = {DBD51D6F-392E-497E-B4F7-73D6CE6CBC34}
		{65E375A9-FBC7-4264-A3FD-059F4770942E} = {DBD51D6F-392E-497E-B4F7-73D6CE6CBC34}
		{A0C49D15-D911-42AB-B6D3-116EF7F452DE} = {ED8079DD-2B06-4030-9F0F-DC548F98E1C4}
		{BF19D931-3322-40AC-8E90-98417B1CE132} = {ED8079DD-2B06-4030-9F0F-DC548F98E1C4}
		{3A74D109-C538-4DF5-B277-CC39FFACE93F} = {ED8079DD-2B06-4030-9F0F-DC548F98E1C4}
		{0D9BFA02-4E2D-4229-9256-7D4BF438B917} = {ED8079DD-2B06-4030-9F0F-DC548F98E1C4}
		{90C1C72B-C544-485A-B718-ACFAEE516106} = {ED8079DD-2B06-4030-9F0F-DC548F98E1C4}
		{8EA1358F-B522-4D84-996B-23663682FE3E} = {ED8079DD-2B06-4030-9F0F-DC548F98E1C4}
		{130FE820-97D0-4369-837C-7AAF6EF58DCE} = {ED8079DD-2B06-4030-9F0F-DC548F98E1C4}
		{731874AF-5BEC-49E4-940A-9A1EF4E21EF1} = {E75407BE-AEA4-480C-8307-1C41851DB58B}
		{F57425C1-13CB-483B-BDDE-605D9A712F4A} = {E75407BE-AEA4-480C-8307-1C41851DB58B}
		{02A76886-689C-4F6D-BEF2-08DCBC040249} = {E75407BE-AEA4-480C-8307-1C41851DB58B}
		{BF6FFAAE-1908-4D6C-A3DD-863B8F36272C} = {E75407BE-AEA4-480C-8307-1C41851DB58B}
		{798DDA68-50B2-4596-800C-6BE2BFC2A6CC} = {E75407BE-AEA4-480C-8307-1C41851DB58B}
		{5AA8D4E7-03AF-476B-B61F-5F9A6C5DADEA} = {ED8079DD-2B06-4030-9F0F-DC548F98E1C4}
		{54E48688-CE01-4310-90D9-0902E0A51814} = {ED8079DD-2B06-4030-9F0F-DC548F98E1C4}
		{8D6B46F6-D7BD-480D-9D63-3B00285079DD} = {DBD51D6F-392E-497E-B4F7-73D6CE6CBC34}
	EndGlobalSection
	GlobalSection(ExtensibilityGlobals) = postSolution
		SolutionGuid = {7565DA42-40CA-442E-B85C-DB64B497DFAB}
	EndGlobalSection
EndGlobal
